
Microsoft Visual Studio Solution File, Format Version 12.00
# Visual Studio 15
VisualStudioVersion = 15.0.33801.198
MinimumVisualStudioVersion = 10.0.40219.1
Project("{8BC9CEB8-8B4A-11D0-8D11-00A0C91BC942}") = "introspection-in-qt", "introspection-in-qt\introspection-in-qt.vcxproj", "{785A5CDB-B9DE-427F-A836-9D251D1DB2ED}"
EndProject
Global
	GlobalSection(SolutionConfigurationPlatforms) = preSolution
		Debug|x64 = Debug|x64
		Release|x64 = Release|x64
	EndGlobalSection
	GlobalSection(ProjectConfigurationPlatforms) = postSolution
		{785A5CDB-B9DE-427F-A836-9D251D1DB2ED}.Debug|x64.ActiveCfg = Debug|x64
		{785A5CDB-B9DE-427F-A836-9D251D1DB2ED}.Debug|x64.Build.0 = Debug|x64
		{785A5CDB-B9DE-427F-A836-9D251D1DB2ED}.Release|x64.ActiveCfg = Release|x64
		{785A5CDB-B9DE-427F-A836-9D251D1DB2ED}.Release|x64.Build.0 = Release|x64
	EndGlobalSection
	GlobalSection(SolutionProperties) = preSolution
		HideSolutionNode = FALSE
	EndGlobalSection
	GlobalSection(ExtensibilityGlobals) = postSolution
		SolutionGuid = {B8D29402-E76F-42D6-80DC-61C22478CAF5}
	EndGlobalSection
EndGlobal
